github.com/gingfrederik/docx v0.0.1 h1:XciAehRNcFThJnH1ESfOb7amAYk6IGkvFHtVyTNn0oM=
github.com/gingfrederik/docx v0.0.1/go.mod h1:0+v8qYUEEQr66ZKvnQKVhrZBX59pG1MSsQpTYSYOC0A=
github.com/go-chi/chi/v5 v5.0.7 h1:rDTPXLDHGATaeHvVlLcR4Qe0zftYethFucbjVQ1PxU8=
github.com/go-chi/chi/v5 v5.0.7/go.mod h1:DslCQbL2OYiznFReuXYUmQ2hGd1aDpCnlMNITLSKoi8=
github.com/go-chi/cors v1.2.1 h1:xEC8UT3Rlp2QuWNEr4Fs/c2EAGVKBwy/1vHx3bppil4=
github.com/go-chi/cors v1.2.1/go.mod h1:sSbTewc+6wYHBBCW7ytsFSn836hqM7JxpglAy2Vzc58=
github.com/golang/glog v0.0.0-20210429001901-424d2337a529 h1:2voWjNECnrZRbfwXxHB1/j8wa6xdKn85B5NzgVL/pTU=
github.com/golang/glog v0.0.0-20210429001901-424d2337a529/go.mod h1:SBH7ygxi8pfUlaOkMMuAQtPIUF8ecWP5IEl/CR7VP2Q=
github.com/gonfva/docxlib v0.0.0-20210517191039-d8f39cecf1ad h1:eW9Uqwzg3XdbuljlUSydDF9grQIlOXsjCVjmWCz+Wps=
github.com/gonfva/docxlib v0.0.0-20210517191039-d8f39cecf1ad/go.mod h1:PP43g0DZEMAA3U9VaLoO/buJL1bJoQ2fMLYEZ6RC0fA=
github.com/joho/godotenv v1.4.0 h1:3l4+N6zfMWnkbPEXKng2o2/MR5mSwTrBih4ZEkkz1lg=
github.com/joho/godotenv v1.4.0/go.mod h1:f4LDr5Voq0i2e/R5DDNOoa2zzDfwtkZa6DnEwAbqwq4=
